// !$*UTF8*$!
{
	archiveVersion = 1;
	classes = {
	};
	objectVersion = 50;
	objects = {

/* Begin PBXBuildFile section */
		645BA2D624FDAF9700A17FAC /* AppDelegate.swift in Sources */ = {isa = PBXBuildFile; fileRef = 645BA2D524FDAF9700A17FAC /* AppDelegate.swift */; };
		645BA2D824FDAF9700A17FAC /* SceneDelegate.swift in Sources */ = {isa = PBXBuildFile; fileRef = 645BA2D724FDAF9700A17FAC /* SceneDelegate.swift */; };
		645BA2DA24FDAF9700A17FAC /* ContentView.swift in Sources */ = {isa = PBXBuildFile; fileRef = 645BA2D924FDAF9700A17FAC /* ContentView.swift */; };
		645BA2DC24FDAF9900A17FAC /* Assets.xcassets in Resources */ = {isa = PBXBuildFile; fileRef = 645BA2DB24FDAF9900A17FAC /* Assets.xcassets */; };
		645BA2DF24FDAF9900A17FAC /* Preview Assets.xcassets in Resources */ = {isa = PBXBuildFile; fileRef = 645BA2DE24FDAF9900A17FAC /* Preview Assets.xcassets */; };
		645BA2E224FDAF9900A17FAC /* LaunchScreen.storyboard in Resources */ = {isa = PBXBuildFile; fileRef = 645BA2E024FDAF9900A17FAC /* LaunchScreen.storyboard */; };
		645BA2EB24FDBDD900A17FAC /* CardView.swift in Sources */ = {isa = PBXBuildFile; fileRef = 645BA2EA24FDBDD900A17FAC /* CardView.swift */; };
		645BA2ED24FDC4F300A17FAC /* README.md in Resources */ = {isa = PBXBuildFile; fileRef = 645BA2EC24FDC4F300A17FAC /* README.md */; };
		6473BE0224FDE0830070E9C7 /* CarouselView.swift in Sources */ = {isa = PBXBuildFile; fileRef = 6473BE0124FDE0830070E9C7 /* CarouselView.swift */; };
/* End PBXBuildFile section */

/* Begin PBXFileReference section */
		645BA2D224FDAF9700A17FAC /* BankCardsRebound.app */ = {isa = PBXFileReference; explicitFileType = wrapper.application; includeInIndex = 0; path = BankCardsRebound.app; sourceTree = BUILT_PRODUCTS_DIR; };
		645BA2D524FDAF9700A17FAC /* AppDelegate.swift */ = {isa = PBXFileReference; lastKnownFileType = sourcecode.swift; path = AppDelegate.swift; sourceTree = "<group>"; };
		645BA2D724FDAF9700A17FAC /* SceneDelegate.swift */ = {isa = PBXFileReference; lastKnownFileType = sourcecode.swift; path = SceneDelegate.swift; sourceTree = "<group>"; };
		645BA2D924FDAF9700A17FAC /* ContentView.swift */ = {isa = PBXFileReference; lastKnownFileType = sourcecode.swift; path = ContentView.swift; sourceTree = "<group>"; };
		645BA2DB24FDAF9900A17FAC /* Assets.xcassets */ = {isa = PBXFileReference; lastKnownFileType = folder.assetcatalog; path = Assets.xcassets; sourceTree = "<group>"; };
		645BA2DE24FDAF9900A17FAC /* Preview Assets.xcassets */ = {isa = PBXFileReference; lastKnownFileType = folder.assetcatalog; path = "Preview Assets.xcassets"; sourceTree = "<group>"; };
		645BA2E124FDAF9900A17FAC /* Base */ = {isa = PBXFileReference; lastKnownFileType = file.storyboard; name = Base; path = Base.lproj/LaunchScreen.storyboard; sourceTree = "<group>"; };
		645BA2E324FDAF9900A17FAC /* Info.plist */ = {isa = PBXFileReference; lastKnownFileType = text.plist.xml; path = Info.plist; sourceTree = "<group>"; };
		645BA2EA24FDBDD900A17FAC /* CardView.swift */ = {isa = PBXFileReference; lastKnownFileType = sourcecode.swift; name = CardView.swift; path = BankCardsRebound/CardView.swift; sourceTree = SOURCE_ROOT; };
		645BA2EC24FDC4F300A17FAC /* README.md */ = {isa = PBXFileReference; lastKnownFileType = net.daringfireball.markdown; path = README.md; sourceTree = "<group>"; };
		6473BE0124FDE0830070E9C7 /* CarouselView.swift */ = {isa = PBXFileReference; lastKnownFileType = sourcecode.swift; path = CarouselView.swift; sourceTree = "<group>"; };
/* End PBXFileReference section */

/* Begin PBXFrameworksBuildPhase section */
		645BA2CF24FDAF9700A17FAC /* Frameworks */ = {
			isa = PBXFrameworksBuildPhase;
			buildActionMask = 2147483647;
			files = (
			);
			runOnlyForDeploymentPostprocessing = 0;
		};
/* End PBXFrameworksBuildPhase section */

/* Begin PBXGroup section */
		645BA2C924FDAF9700A17FAC = {
			isa = PBXGroup;
			children = (
				645BA2EC24FDC4F300A17FAC /* README.md */,
				645BA2D424FDAF9700A17FAC /* BankCardsRebound */,
				645BA2D324FDAF9700A17FAC /* Products */,
			);
			sourceTree = "<group>";
		};
		645BA2D324FDAF9700A17FAC /* Products */ = {
			isa = PBXGroup;
			children = (
				645BA2D224FDAF9700A17FAC /* BankCardsRebound.app */,
			);
			name = Products;
			sourceTree = "<group>";
		};
		645BA2D424FDAF9700A17FAC /* BankCardsRebound */ = {
			isa = PBXGroup;
			children = (
				645BA2E924FDAFA400A17FAC /* Views */,
				645BA2D524FDAF9700A17FAC /* AppDelegate.swift */,
				645BA2D724FDAF9700A17FAC /* SceneDelegate.swift */,
				645BA2D924FDAF9700A17FAC /* ContentView.swift */,
				645BA2DB24FDAF9900A17FAC /* Assets.xcassets */,
				645BA2E024FDAF9900A17FAC /* LaunchScreen.storyboard */,
				645BA2E324FDAF9900A17FAC /* Info.plist */,
				645BA2DD24FDAF9900A17FAC /* Preview Content */,
			);
			path = BankCardsRebound;
			sourceTree = "<group>";
		};
		645BA2DD24FDAF9900A17FAC /* Preview Content */ = {
			isa = PBXGroup;
			children = (
				645BA2DE24FDAF9900A17FAC /* Preview Assets.xcassets */,
			);
			path = "Preview Content";
			sourceTree = "<group>";
		};
		645BA2E924FDAFA400A17FAC /* Views */ = {
			isa = PBXGroup;
			children = (
				645BA2EA24FDBDD900A17FAC /* CardView.swift */,
				6473BE0124FDE0830070E9C7 /* CarouselView.swift */,
			);
			path = Views;
			sourceTree = "<group>";
		};
/* End PBXGroup section */

/* Begin PBXNativeTarget section */
		645BA2D124FDAF9700A17FAC /* BankCardsRebound */ = {
			isa = PBXNativeTarget;
			buildConfigurationList = 645BA2E624FDAF9900A17FAC /* Build configuration list for PBXNativeTarget "BankCardsRebound" */;
			buildPhases = (
				645BA2CE24FDAF9700A17FAC /* Sources */,
				645BA2CF24FDAF9700A17FAC /* Frameworks */,
				645BA2D024FDAF9700A17FAC /* Resources */,
			);
			buildRules = (
			);
			dependencies = (
			);
			name = BankCardsRebound;
			productName = BankCardsRebound;
			productReference = 645BA2D224FDAF9700A17FAC /* BankCardsRebound.app */;
			productType = "com.apple.product-type.application";
		};
/* End PBXNativeTarget section */

/* Begin PBXProject section */
		645BA2CA24FDAF9700A17FAC /* Project object */ = {
			isa = PBXProject;
			attributes = {
				LastSwiftUpdateCheck = 1160;
				LastUpgradeCheck = 1160;
				ORGANIZATIONNAME = "Raphael Cerqueira";
				TargetAttributes = {
					645BA2D124FDAF9700A17FAC = {
						CreatedOnToolsVersion = 11.6;
					};
				};
			};
			buildConfigurationList = 645BA2CD24FDAF9700A17FAC /* Build configuration list for PBXProject "BankCardsRebound" */;
			compatibilityVersion = "Xcode 9.3";
			developmentRegion = en;
			hasScannedForEncodings = 0;
			knownRegions = (
				en,
				Base,
			);
			mainGroup = 645BA2C924FDAF9700A17FAC;
			productRefGroup = 645BA2D324FDAF9700A17FAC /* Products */;
			projectDirPath = "";
			projectRoot = "";
			targets = (
				645BA2D124FDAF9700A17FAC /* BankCardsRebound */,
			);
		};
/* End PBXProject section */

/* Begin PBXResourcesBuildPhase section */
		645BA2D024FDAF9700A17FAC /* Resources */ = {
			isa = PBXResourcesBuildPhase;
			buildActionMask = 2147483647;
			files = (
				645BA2E224FDAF9900A17FAC /* LaunchScreen.storyboard in Resources */,
				645BA2DF24FDAF9900A17FAC /* Preview Assets.xcassets in Resources */,
				645BA2ED24FDC4F300A17FAC /* README.md in Resources */,
				645BA2DC24FDAF9900A17FAC /* Assets.xcassets in Resources */,
			);
			runOnlyForDeploymentPostprocessing = 0;
		};
/* End PBXResourcesBuildPhase section */

/* Begin PBXSourcesBuildPhase section */
		645BA2CE24FDAF9700A17FAC /* Sources */ = {
			isa = PBXSourcesBuildPhase;
			buildActionMask = 2147483647;
			files = (
				6473BE0224FDE0830070E9C7 /* CarouselView.swift in Sources */,
				645BA2D624FDAF9700A17FAC /* AppDelegate.swift in Sources */,
				645BA2D824FDAF9700A17FAC /* SceneDelegate.swift in Sources */,
				645BA2EB24FDBDD900A17FAC /* CardView.swift in Sources */,
				645BA2DA24FDAF9700A17FAC /* ContentView.swift in Sources */,
			);
			runOnlyForDeploymentPostprocessing = 0;
		};
/* End PBXSourcesBuildPhase section */

/* Begin PBXVariantGroup section */
		645BA2E024FDAF9900A17FAC /* LaunchScreen.storyboard */ = {
			isa = PBXVariantGroup;
			children = (
				645BA2E124FDAF9900A17FAC /* Base */,
			);
			name = LaunchScreen.storyboard;
			sourceTree = "<group>";
		};
/* End PBXVariantGroup section */

/* Begin XCBuildConfiguration section */
		645BA2E424FDAF9900A17FAC /* Debug */ = {
			isa = XCBuildConfiguration;
			buildSettings = {
				ALWAYS_SEARCH_USER_PATHS = NO;
				CLANG_ANALYZER_NONNULL = YES;
				CLANG_ANALYZER_NUMBER_OBJECT_CONVERSION = YES_AGGRESSIVE;
				CLANG_CXX_LANGUAGE_STANDARD = "gnu++14";
				CLANG_CXX_LIBRARY = "libc++";
				CLANG_ENABLE_MODULES = YES;
				CLANG_ENABLE_OBJC_ARC = YES;
				CLANG_ENABLE_OBJC_WEAK = YES;
				CLANG_WARN_BLOCK_CAPTURE_AUTORELEASING = YES;
				CLANG_WARN_BOOL_CONVERSION = YES;
				CLANG_WARN_COMMA = YES;
				CLANG_WARN_CONSTANT_CONVERSION = YES;
				CLANG_WARN_DEPRECATED_OBJC_IMPLEMENTATIONS = YES;
				CLANG_WARN_DIRECT_OBJC_ISA_USAGE = YES_ERROR;
				CLANG_WARN_DOCUMENTATION_COMMENTS = YES;
				CLANG_WARN_EMPTY_BODY = YES;
				CLANG_WARN_ENUM_CONVERSION = YES;
				CLANG_WARN_INFINITE_RECURSION = YES;
				CLANG_WARN_INT_CONVERSION = YES;
				CLANG_WARN_NON_LITERAL_NULL_CONVERSION = YES;
				CLANG_WARN_OBJC_IMPLICIT_RETAIN_SELF = YES;
				CLANG_WARN_OBJC_LITERAL_CONVERSION = YES;
				CLANG_WARN_OBJC_ROOT_CLASS = YES_ERROR;
				CLANG_WARN_RANGE_LOOP_ANALYSIS = YES;
				CLANG_WARN_STRICT_PROTOTYPES = YES;
				CLANG_WARN_SUSPICIOUS_MOVE = YES;
				CLANG_WARN_UNGUARDED_AVAILABILITY = YES_AGGRESSIVE;
				CLANG_WARN_UNREACHABLE_CODE = YES;
				CLANG_WARN__DUPLICATE_METHOD_MATCH = YES;
				COPY_PHASE_STRIP = NO;
				DEBUG_INFORMATION_FORMAT = dwarf;
				ENABLE_STRICT_OBJC_MSGSEND = YES;
				ENABLE_TESTABILITY = YES;
				GCC_C_LANGUAGE_STANDARD = gnu11;
				GCC_DYNAMIC_NO_PIC = NO;
				GCC_NO_COMMON_BLOCKS = YES;
				GCC_OPTIMIZATION_LEVEL = 0;
				GCC_PREPROCESSOR_DEFINITIONS = (
					"DEBUG=1",
					"$(inherited)",
				);
				GCC_WARN_64_TO_32_BIT_CONVERSION = YES;
				GCC_WARN_ABOUT_RETURN_TYPE = YES_ERROR;
				GCC_WARN_UNDECLARED_SELECTOR = YES;
				GCC_WARN_UNINITIALIZED_AUTOS = YES_AGGRESSIVE;
				GCC_WARN_UNUSED_FUNCTION = YES;
				GCC_WARN_UNUSED_VARIABLE = YES;
				IPHONEOS_DEPLOYMENT_TARGET = 13.6;
				MTL_ENABLE_DEBUG_INFO = INCLUDE_SOURCE;
				MTL_FAST_MATH = YES;
				ONLY_ACTIVE_ARCH = YES;
				SDKROOT = iphoneos;
				SWIFT_ACTIVE_COMPILATION_CONDITIONS = DEBUG;
				SWIFT_OPTIMIZATION_LEVEL = "-Onone";
			};
			name = Debug;
		};
		645BA2E524FDAF9900A17FAC /* Release */ = {
			isa = XCBuildConfiguration;
			buildSettings = {
				ALWAYS_SEARCH_USER_PATHS = NO;
				CLANG_ANALYZER_NONNULL = YES;
				CLANG_ANALYZER_NUMBER_OBJECT_CONVERSION = YES_AGGRESSIVE;
				CLANG_CXX_LANGUAGE_STANDARD = "gnu++14";
				CLANG_CXX_LIBRARY = "libc++";
				CLANG_ENABLE_MODULES = YES;
				CLANG_ENABLE_OBJC_ARC = YES;
				CLANG_ENABLE_OBJC_WEAK = YES;
				CLANG_WARN_BLOCK_CAPTURE_AUTORELEASING = YES;
				CLANG_WARN_BOOL_CONVERSION = YES;
				CLANG_WARN_COMMA = YES;
				CLANG_WARN_CONSTANT_CONVERSION = YES;
				CLANG_WARN_DEPRECATED_OBJC_IMPLEMENTATIONS = YES;
				CLANG_WARN_DIRECT_OBJC_ISA_USAGE = YES_ERROR;
				CLANG_WARN_DOCUMENTATION_COMMENTS = YES;
				CLANG_WARN_EMPTY_BODY = YES;
				CLANG_WARN_ENUM_CONVERSION = YES;
				CLANG_WARN_INFINITE_RECURSION = YES;
				CLANG_WARN_INT_CONVERSION = YES;
				CLANG_WARN_NON_LITERAL_NULL_CONVERSION = YES;
				CLANG_WARN_OBJC_IMPLICIT_RETAIN_SELF = YES;
				CLANG_WARN_OBJC_LITERAL_CONVERSION = YES;
				CLANG_WARN_OBJC_ROOT_CLASS = YES_ERROR;
				CLANG_WARN_RANGE_LOOP_ANALYSIS = YES;
				CLANG_WARN_STRICT_PROTOTYPES = YES;
				CLANG_WARN_SUSPICIOUS_MOVE = YES;
				CLANG_WARN_UNGUARDED_AVAILABILITY = YES_AGGRESSIVE;
				CLANG_WARN_UNREACHABLE_CODE = YES;
				CLANG_WARN__DUPLICATE_METHOD_MATCH = YES;
				COPY_PHASE_STRIP = NO;
				DEBUG_INFORMATION_FORMAT = "dwarf-with-dsym";
				ENABLE_NS_ASSERTIONS = NO;
				ENABLE_STRICT_OBJC_MSGSEND = YES;
				GCC_C_LANGUAGE_STANDARD = gnu11;
				GCC_NO_COMMON_BLOCKS = YES;
				GCC_WARN_64_TO_32_BIT_CONVERSION = YES;
				GCC_WARN_ABOUT_RETURN_TYPE = YES_ERROR;
				GCC_WARN_UNDECLARED_SELECTOR = YES;
				GCC_WARN_UNINITIALIZED_AUTOS = YES_AGGRESSIVE;
				GCC_WARN_UNUSED_FUNCTION = YES;
				GCC_WARN_UNUSED_VARIABLE = YES;
				IPHONEOS_DEPLOYMENT_TARGET = 13.6;
				MTL_ENABLE_DEBUG_INFO = NO;
				MTL_FAST_MATH = YES;
				SDKROOT = iphoneos;
				SWIFT_COMPILATION_MODE = wholemodule;
				SWIFT_OPTIMIZATION_LEVEL = "-O";
				VALIDATE_PRODUCT = YES;
			};
			name = Release;
		};
		645BA2E724FDAF9900A17FAC /* Debug */ = {
			isa = XCBuildConfiguration;
			buildSettings = {
				ASSETCATALOG_COMPILER_APPICON_NAME = AppIcon;
				CODE_SIGN_STYLE = Automatic;
				DEVELOPMENT_ASSET_PATHS = "\"BankCardsRebound/Preview Content\"";
				ENABLE_PREVIEWS = YES;
				INFOPLIST_FILE = BankCardsRebound/Info.plist;
				IPHONEOS_DEPLOYMENT_TARGET = 13.6;
				LD_RUNPATH_SEARCH_PATHS = (
					"$(inherited)",
					"@executable_path/Frameworks",
				);
				PRODUCT_BUNDLE_IDENTIFIER = io.github.rphlfc.BankCardsRebound;
				PRODUCT_NAME = "$(TARGET_NAME)";
				SWIFT_VERSION = 5.0;
				TARGETED_DEVICE_FAMILY = "1,2";
			};
			name = Debug;
		};
		645BA2E824FDAF9900A17FAC /* Release */ = {
			isa = XCBuildConfiguration;
			buildSettings = {
				ASSETCATALOG_COMPILER_APPICON_NAME = AppIcon;
				CODE_SIGN_STYLE = Automatic;
				DEVELOPMENT_ASSET_PATHS = "\"BankCardsRebound/Preview Content\"";
				ENABLE_PREVIEWS = YES;
				INFOPLIST_FILE = BankCardsRebound/Info.plist;
				IPHONEOS_DEPLOYMENT_TARGET = 13.6;
				LD_RUNPATH_SEARCH_PATHS = (
					"$(inherited)",
					"@executable_path/Frameworks",
				);
				PRODUCT_BUNDLE_IDENTIFIER = io.github.rphlfc.BankCardsRebound;
				PRODUCT_NAME = "$(TARGET_NAME)";
				SWIFT_VERSION = 5.0;
				TARGETED_DEVICE_FAMILY = "1,2";
			};
			name = Release;
		};
/* End XCBuildConfiguration section */

/* Begin XCConfigurationList section */
		645BA2CD24FDAF9700A17FAC /* Build configuration list for PBXProject "BankCardsRebound" */ = {
			isa = XCConfigurationList;
			buildConfigurations = (
				645BA2E424FDAF9900A17FAC /* Debug */,
				645BA2E524FDAF9900A17FAC /* Release */,
			);
			defaultConfigurationIsVisible = 0;
			defaultConfigurationName = Release;
		};
		645BA2E624FDAF9900A17FAC /* Build configuration list for PBXNativeTarget "BankCardsRebound" */ = {
			isa = XCConfigurationList;
			buildConfigurations = (
				645BA2E724FDAF9900A17FAC /* Debug */,
				645BA2E824FDAF9900A17FAC /* Release */,
			);
			defaultConfigurationIsVisible = 0;
			defaultConfigurationName = Release;
		};
/* End XCConfigurationList section */
	};
	rootObject = 645BA2CA24FDAF9700A17FAC /* Project object */;
}
